[tools.age]
version = "1.2.1"
backend = "aqua:FiloSottile/age"

[tools.bun]
version = "1.2.20"
backend = "core:bun"

[tools.marksman]
version = "2024-12-18"
backend = "aqua:artempyanykh/marksman"

[tools."npm:@markdoc/language-server"]
version = "0.0.13"
backend = "npm:@markdoc/language-server"

[tools."npm:bash-language-server"]
version = "5.6.0"
backend = "npm:bash-language-server"

[tools."npm:fish-lsp"]
version = "1.0.10"
backend = "npm:fish-lsp"

[tools."npm:markdoc-ls"]
version = "0.7.1"
backend = "npm:markdoc-ls"

[tools."npm:tombi"]
version = "0.5.17"
backend = "npm:tombi"

[tools."npm:yaml-language-server"]
version = "1.19.1-fce910a.0"
backend = "npm:yaml-language-server"

[tools.sops]
version = "3.10.2"
backend = "aqua:getsops/sops"
